# THIS IS AN AUTOGENERATED FILE. DO NOT EDIT THIS FILE DIRECTLY.
# yarn lockfile v1


"@types/lodash@*":
  version "4.14.160"
  resolved "https://registry.yarnpkg.com/@types/lodash/-/lodash-4.14.160.tgz#2f1bba6500bc3cb9a732c6d66a083378fb0b0b29"
  integrity sha512-aP03BShJoO+WVndoVj/WNcB/YBPt+CIU1mvaao2GRAHy2yg4pT/XS4XnVHEQBjPJGycWf/9seKEO9vopTJGkvA==

"@types/lowdb@^1.0.9":
  version "1.0.9"
  resolved "https://registry.yarnpkg.com/@types/lowdb/-/lowdb-1.0.9.tgz#1f6c27df72dd1c64522cc9a4566796d2dd058d38"
  integrity sha512-LBRG5EPXFOJDoJc9jACstMhtMP+u+UkPYllBeGQXXKiaHc+uzJs9+/Aynb/5KkX33DtrIiKyzNVTPQc/4RcD6A==
  dependencies:
    "@types/lodash" "*"

debug@^4.0.1:
  version "4.1.1"
  resolved "https://registry.yarnpkg.com/debug/-/debug-4.1.1.tgz#3b72260255109c6b589cee050f1d516139664791"
  integrity sha512-pYAIzeRo8J6KPEaJ0VWOh5Pzkbw/RetuzehGM7QRRX5he4fPHx2rdKMB256ehJCkX+XRQm16eZLqLNS8RSZXZw==
  dependencies:
    ms "^2.1.1"

dotenv@^8.2.0:
  version "8.2.0"
  resolved "https://registry.yarnpkg.com/dotenv/-/dotenv-8.2.0.tgz#97e619259ada750eea3e4ea3e26bceea5424b16a"
  integrity sha512-8sJ78ElpbDJBHNeBzUbUVLsqKdccaa/BXF1uPTw3GrvQTBgrQrtObr2mUrE38vzYd8cEv+m/JBfDLioYcfXoaw==

graceful-fs@^4.1.3:
  version "4.2.4"
  resolved "https://registry.yarnpkg.com/graceful-fs/-/graceful-fs-4.2.4.tgz#2256bde14d3632958c465ebc96dc467ca07a29fb"
  integrity sha512-WjKPNJF79dtJAVniUlGGWHYGz2jWxT6VhN/4m1NdkbZ2nOsEF+cI1Edgql5zCRhs/VsQYRvrXctxktVXZUkixw==

is-promise@^2.1.0:
  version "2.2.2"
  resolved "https://registry.yarnpkg.com/is-promise/-/is-promise-2.2.2.tgz#39ab959ccbf9a774cf079f7b40c7a26f763135f1"
  integrity sha512-+lP4/6lKUBfQjZ2pdxThZvLUAafmZb8OAxFb8XXtiQmS35INgr85hdOGoEs124ez1FCnZJt6jau/T+alh58QFQ==

lodash@4:
  version "4.17.20"
  resolved "https://registry.yarnpkg.com/lodash/-/lodash-4.17.20.tgz#b44a9b6297bcb698f1c51a3545a2b3b368d59c52"
  integrity sha512-PlhdFcillOINfeV7Ni6oF1TAEayyZBoZ8bcshTHqOYJYlrqzRK5hagpagky5o4HfCzzd1TRkXPMFq6cKk9rGmA==

lowdb@^1.0.0:
  version "1.0.0"
  resolved "https://registry.yarnpkg.com/lowdb/-/lowdb-1.0.0.tgz#5243be6b22786ccce30e50c9a33eac36b20c8064"
  integrity sha512-2+x8esE/Wb9SQ1F9IHaYWfsC9FIecLOPrK4g17FGEayjUWH172H6nwicRovGvSE2CPZouc2MCIqCI7h9d+GftQ==
  dependencies:
    graceful-fs "^4.1.3"
    is-promise "^2.1.0"
    lodash "4"
    pify "^3.0.0"
    steno "^0.4.1"

minimist@^1.2.0:
  version "1.2.5"
  resolved "https://registry.yarnpkg.com/minimist/-/minimist-1.2.5.tgz#67d66014b66a6a8aaa0c083c5fd58df4e4e97602"
  integrity sha512-FM9nNUYrRBAELZQT3xeZQ7fmMOBg6nWNmJKTcgsJeaLstP/UODVpGsr5OhXhhXg6f+qtJ8uiZ+PUxkDWcgIXLw==

module-alias@^2.2.2:
  version "2.2.2"
  resolved "https://registry.yarnpkg.com/module-alias/-/module-alias-2.2.2.tgz#151cdcecc24e25739ff0aa6e51e1c5716974c0e0"
  integrity sha512-A/78XjoX2EmNvppVWEhM2oGk3x4lLxnkEA4jTbaK97QKSDjkIoOsKQlfylt/d3kKKi596Qy3NP5XrXJ6fZIC9Q==

ms@^2.1.1:
  version "2.1.2"
  resolved "https://registry.yarnpkg.com/ms/-/ms-2.1.2.tgz#d09d1f357b443f493382a8eb3ccd183872ae6009"
  integrity sha512-sGkPx+VjMtmA6MX27oA4FBFELFCZZ4S4XqeGOXCv68tT+jb3vk/RyaKWP0PTKyWtmLSM0b+adUTEvbs1PEaH2w==

nanoid@^3.1.12:
  version "3.1.12"
  resolved "https://registry.yarnpkg.com/nanoid/-/nanoid-3.1.12.tgz#6f7736c62e8d39421601e4a0c77623a97ea69654"
  integrity sha512-1qstj9z5+x491jfiC4Nelk+f8XBad7LN20PmyWINJEMRSf3wcAjAWysw1qaA8z6NSKe2sjq1hRSDpBH5paCb6A==

node-fetch@^2.2.0:
  version "2.6.0"
  resolved "https://registry.yarnpkg.com/node-fetch/-/node-fetch-2.6.0.tgz#e633456386d4aa55863f676a7ab0daa8fdecb0fd"
  integrity sha512-8dG4H5ujfvFiqDmVu9fQ5bOHUC15JMjMY/Zumv26oOvvVJjM67KF8koCWIabKQ1GJIa9r2mMZscBq/TbdOcmNA==

pify@^3.0.0:
  version "3.0.0"
  resolved "https://registry.yarnpkg.com/pify/-/pify-3.0.0.tgz#e5a4acd2c101fdf3d9a4d07f0dbc4db49dd28176"
  integrity sha1-5aSs0sEB/fPZpNB/DbxNtJ3SgXY=

prettier@2.1.0:
  version "2.1.0"
  resolved "https://registry.yarnpkg.com/prettier/-/prettier-2.1.0.tgz#5a9789f767a243118c60f3e56d95cb6544914fbb"
  integrity sha512-lz28cCbA1cDFHVuY8vvj6QuqOwIpyIfPUYkSl8AZ/vxH8qBXMMjE2knfLHCrZCmUsK/H1bg1P0tOo0dJkTJHvw==

sandwich-stream@^2.0.1:
  version "2.0.2"
  resolved "https://registry.yarnpkg.com/sandwich-stream/-/sandwich-stream-2.0.2.tgz#6d1feb6cf7e9fe9fadb41513459a72c2e84000fa"
  integrity sha512-jLYV0DORrzY3xaz/S9ydJL6Iz7essZeAfnAavsJ+zsJGZ1MOnsS52yRjU3uF3pJa/lla7+wisp//fxOwOH8SKQ==

steno@^0.4.1:
  version "0.4.4"
  resolved "https://registry.yarnpkg.com/steno/-/steno-0.4.4.tgz#071105bdfc286e6615c0403c27e9d7b5dcb855cb"
  integrity sha1-BxEFvfwobmYVwEA8J+nXtdy4Vcs=
  dependencies:
    graceful-fs "^4.1.3"

telegraf-command-parts@^1.0.3:
  version "1.0.3"
  resolved "https://registry.yarnpkg.com/telegraf-command-parts/-/telegraf-command-parts-1.0.3.tgz#d0e078d10ce3f68469b529e5ea3a76e42d5788b3"
  integrity sha1-0OB40Qzj9oRptSnl6jp25C1XiLM=
  dependencies:
    telegraf "^3.1.0"

telegraf-session-local@^2.0.0:
  version "2.0.0"
  resolved "https://registry.yarnpkg.com/telegraf-session-local/-/telegraf-session-local-2.0.0.tgz#014d854757fa72a74c74a6f5c7031a623d2eaead"
  integrity sha512-EOcKh5vEn7wq+9zyCQwud8RU04QhWGGq939lyr1UhGeeCVulSYbU94Q02itQ19nSwUbyMvX1Pf7hZUd3MZCIiA==
  dependencies:
    "@types/lowdb" "^1.0.9"
    lowdb "^1.0.0"

telegraf@^3.1.0, telegraf@^3.38.0:
  version "3.38.0"
  resolved "https://registry.yarnpkg.com/telegraf/-/telegraf-3.38.0.tgz#745b447547a8e6cdb626055e4d616058aaae0759"
  integrity sha512-va4VlrKWp64JrowFoZX/NPzzA6q38kvaIukVXOWFO1V+jR1G8+hCfgJy4TX8Z3rwLJzwaBEet1QhikHDRZWl3A==
  dependencies:
    debug "^4.0.1"
    minimist "^1.2.0"
    module-alias "^2.2.2"
    node-fetch "^2.2.0"
    sandwich-stream "^2.0.1"
    telegram-typings "^3.6.0"

telegram-typings@^3.6.0:
  version "3.6.1"
  resolved "https://registry.yarnpkg.com/telegram-typings/-/telegram-typings-3.6.1.tgz#1288d547f8694b61f1c01c2993e295f3114d9e25"
  integrity sha512-njVv1EAhIZnmQVLocZEADYUyqA1WIXuVcDYlsp+mXua/XB0pxx+PKtMSPeZ/EE4wPWTw9h/hA9ASTT6yQelkiw==
